
Microsoft Visual Studio Solution File, Format Version 12.00
# Visual Studio Version 16
VisualStudioVersion = 16.0.30114.105
MinimumVisualStudioVersion = 10.0.40219.1
Project("{FAE04EC0-301F-11D3-BF4B-00C04F79EFBC}") = "InventarioCruzRoja", "InventarioCruzRoja\InventarioCruzRoja.csproj", "{3BCDD3DE-6800-401B-88FD-98BCEF3D7C98}"
EndProject
Global
	GlobalSection(SolutionConfigurationPlatforms) = preSolution
		Debug|Any CPU = Debug|Any CPU
		Release|Any CPU = Release|Any CPU
	EndGlobalSection
	GlobalSection(ProjectConfigurationPlatforms) = postSolution
		{3BCDD3DE-6800-401B-88FD-98BCEF3D7C98}.Debug|Any CPU.ActiveCfg = Debug|Any CPU
		{3BCDD3DE-6800-401B-88FD-98BCEF3D7C98}.Debug|Any CPU.Build.0 = Debug|Any CPU
		{3BCDD3DE-6800-401B-88FD-98BCEF3D7C98}.Release|Any CPU.ActiveCfg = Release|Any CPU
		{3BCDD3DE-6800-401B-88FD-98BCEF3D7C98}.Release|Any CPU.Build.0 = Release|Any CPU
	EndGlobalSection
	GlobalSection(SolutionProperties) = preSolution
		HideSolutionNode = FALSE
	EndGlobalSection
	GlobalSection(ExtensibilityGlobals) = postSolution
		SolutionGuid = {2650EDA2-F3F6-497F-844B-BF5D63D11C69}
	EndGlobalSection
EndGlobal
